
Microsoft Visual Studio Solution File, Format Version 12.00
# Visual Studio Version 17
VisualStudioVersion = 17.7.34202.233
MinimumVisualStudioVersion = 10.0.40219.1
Project("{FAE04EC0-301F-11D3-BF4B-00C04F79EFBC}") = "SystemRezerwacjiBiletow", "SystemRezerwacjiBiletow.csproj", "{537B9FC4-2D3A-4E01-85BA-246C10630E71}"
EndProject
Global
	GlobalSection(SolutionConfigurationPlatforms) = preSolution
		Debug|Any CPU = Debug|Any CPU
		Release|Any CPU = Release|Any CPU
	EndGlobalSection
	GlobalSection(ProjectConfigurationPlatforms) = postSolution
		{537B9FC4-2D3A-4E01-85BA-246C10630E71}.Debug|Any CPU.ActiveCfg = Debug|Any CPU
		{537B9FC4-2D3A-4E01-85BA-246C10630E71}.Debug|Any CPU.Build.0 = Debug|Any CPU
		{537B9FC4-2D3A-4E01-85BA-246C10630E71}.Release|Any CPU.ActiveCfg = Release|Any CPU
		{537B9FC4-2D3A-4E01-85BA-246C10630E71}.Release|Any CPU.Build.0 = Release|Any CPU
	EndGlobalSection
	GlobalSection(SolutionProperties) = preSolution
		HideSolutionNode = FALSE
	EndGlobalSection
	GlobalSection(ExtensibilityGlobals) = postSolution
		SolutionGuid = {0F6E70FD-D141-41E8-AEC3-9C8B48711C71}
	EndGlobalSection
EndGlobal
